
Microsoft Visual Studio Solution File, Format Version 12.00
# Visual Studio 15
VisualStudioVersion = 15.0.28307.852
MinimumVisualStudioVersion = 10.0.40219.1
Project("{FAE04EC0-301F-11D3-BF4B-00C04F79EFBC}") = "App1", "App1\App1.csproj", "{95D19369-499C-4F4D-A2CD-BBF3DFF48C3B}"
EndProject
Global
	GlobalSection(SolutionConfigurationPlatforms) = preSolution
		Debug|Any CPU = Debug|Any CPU
		Release|Any CPU = Release|Any CPU
	EndGlobalSection
	GlobalSection(ProjectConfigurationPlatforms) = postSolution
		{95D19369-499C-4F4D-A2CD-BBF3DFF48C3B}.Debug|Any CPU.ActiveCfg = Debug|Any CPU
		{95D19369-499C-4F4D-A2CD-BBF3DFF48C3B}.Debug|Any CPU.Build.0 = Debug|Any CPU
		{95D19369-499C-4F4D-A2CD-BBF3DFF48C3B}.Debug|Any CPU.Deploy.0 = Debug|Any CPU
		{95D19369-499C-4F4D-A2CD-BBF3DFF48C3B}.Release|Any CPU.ActiveCfg = Release|Any CPU
		{95D19369-499C-4F4D-A2CD-BBF3DFF48C3B}.Release|Any CPU.Build.0 = Release|Any CPU
		{95D19369-499C-4F4D-A2CD-BBF3DFF48C3B}.Release|Any CPU.Deploy.0 = Release|Any CPU
	EndGlobalSection
	GlobalSection(SolutionProperties) = preSolution
		HideSolutionNode = FALSE
	EndGlobalSection
	GlobalSection(ExtensibilityGlobals) = postSolution
		SolutionGuid = {9B326760-E276-4C7A-956B-E2CAB6250285}
	EndGlobalSection
EndGlobal
