
Microsoft Visual Studio Solution File, Format Version 12.00
# Visual Studio 15
VisualStudioVersion = 15.0.28307.779
MinimumVisualStudioVersion = 10.0.40219.1
Project("{FAE04EC0-301F-11D3-BF4B-00C04F79EFBC}") = "List_Exercise", "List_Exercise\List_Exercise.csproj", "{F7449751-5B9C-49ED-A1A8-E10A71F156E1}"
EndProject
Global
	GlobalSection(SolutionConfigurationPlatforms) = preSolution
		Debug|Any CPU = Debug|Any CPU
		Release|Any CPU = Release|Any CPU
	EndGlobalSection
	GlobalSection(ProjectConfigurationPlatforms) = postSolution
		{F7449751-5B9C-49ED-A1A8-E10A71F156E1}.Debug|Any CPU.ActiveCfg = Debug|Any CPU
		{F7449751-5B9C-49ED-A1A8-E10A71F156E1}.Debug|Any CPU.Build.0 = Debug|Any CPU
		{F7449751-5B9C-49ED-A1A8-E10A71F156E1}.Debug|Any CPU.Deploy.0 = Debug|Any CPU
		{F7449751-5B9C-49ED-A1A8-E10A71F156E1}.Release|Any CPU.ActiveCfg = Release|Any CPU
		{F7449751-5B9C-49ED-A1A8-E10A71F156E1}.Release|Any CPU.Build.0 = Release|Any CPU
		{F7449751-5B9C-49ED-A1A8-E10A71F156E1}.Release|Any CPU.Deploy.0 = Release|Any CPU
	EndGlobalSection
	GlobalSection(SolutionProperties) = preSolution
		HideSolutionNode = FALSE
	EndGlobalSection
	GlobalSection(ExtensibilityGlobals) = postSolution
		SolutionGuid = {F17EA993-6655-4D59-98AE-03FDDD98ABC6}
	EndGlobalSection
EndGlobal
